
Microsoft Visual Studio Solution File, Format Version 12.00
# Visual Studio Version 17
VisualStudioVersion = 17.8.34316.72
MinimumVisualStudioVersion = 10.0.40219.1
Project("{FAE04EC0-301F-11D3-BF4B-00C04F79EFBC}") = "MinimalAPI", "MinimalAPI\MinimalAPI.csproj", "{D3A2408F-5B5E-4746-A951-6C4AE38B1DE7}"
EndProject
Global
	GlobalSection(SolutionConfigurationPlatforms) = preSolution
		Debug|Any CPU = Debug|Any CPU
		Release|Any CPU = Release|Any CPU
	EndGlobalSection
	GlobalSection(ProjectConfigurationPlatforms) = postSolution
		{D3A2408F-5B5E-4746-A951-6C4AE38B1DE7}.Debug|Any CPU.ActiveCfg = Debug|Any CPU
		{D3A2408F-5B5E-4746-A951-6C4AE38B1DE7}.Debug|Any CPU.Build.0 = Debug|Any CPU
		{D3A2408F-5B5E-4746-A951-6C4AE38B1DE7}.Release|Any CPU.ActiveCfg = Release|Any CPU
		{D3A2408F-5B5E-4746-A951-6C4AE38B1DE7}.Release|Any CPU.Build.0 = Release|Any CPU
	EndGlobalSection
	GlobalSection(SolutionProperties) = preSolution
		HideSolutionNode = FALSE
	EndGlobalSection
	GlobalSection(ExtensibilityGlobals) = postSolution
		SolutionGuid = {4B59054D-36F9-4B7C-8874-C2B96F657BDA}
	EndGlobalSection
EndGlobal
